// !$*UTF8*$!
{
	archiveVersion = 1;
	classes = {
	};
	objectVersion = 46;
	objects = {

/* Begin PBXBuildFile section */
		C2EF35241CE9945C00F7CDB2 /* main.m in Sources */ = {isa = PBXBuildFile; fileRef = C2EF35231CE9945C00F7CDB2 /* main.m */; };
		C2EF35271CE9945C00F7CDB2 /* AppDelegate.m in Sources */ = {isa = PBXBuildFile; fileRef = C2EF35261CE9945C00F7CDB2 /* AppDelegate.m */; };
		C2EF352A1CE9945C00F7CDB2 /* ViewController.m in Sources */ = {isa = PBXBuildFile; fileRef = C2EF35291CE9945C00F7CDB2 /* ViewController.m */; };
		C2EF352D1CE9945C00F7CDB2 /* Main.storyboard in Resources */ = {isa = PBXBuildFile; fileRef = C2EF352B1CE9945C00F7CDB2 /* Main.storyboard */; };
		C2EF352F1CE9945C00F7CDB2 /* Assets.xcassets in Resources */ = {isa = PBXBuildFile; fileRef = C2EF352E1CE9945C00F7CDB2 /* Assets.xcassets */; };
		C2EF35321CE9945C00F7CDB2 /* LaunchScreen.storyboard in Resources */ = {isa = PBXBuildFile; fileRef = C2EF35301CE9945C00F7CDB2 /* LaunchScreen.storyboard */; };
		C2EF353D1CE995D100F7CDB2 /* Calculator.m in Sources */ = {isa = PBXBuildFile; fileRef = C2EF353A1CE995D100F7CDB2 /* Calculator.m */; };
		C2EF353E1CE995D100F7CDB2 /* Fraction.m in Sources */ = {isa = PBXBuildFile; fileRef = C2EF353C1CE995D100F7CDB2 /* Fraction.m */; };
/* End PBXBuildFile section */

/* Begin PBXFileReference section */
		C2EF351F1CE9945C00F7CDB2 /* FractionCalculator.app */ = {isa = PBXFileReference; explicitFileType = wrapper.application; includeInIndex = 0; path = FractionCalculator.app; sourceTree = BUILT_PRODUCTS_DIR; };
		C2EF35231CE9945C00F7CDB2 /* main.m */ = {isa = PBXFileReference; lastKnownFileType = sourcecode.c.objc; path = main.m; sourceTree = "<group>"; };
		C2EF35251CE9945C00F7CDB2 /* AppDelegate.h */ = {isa = PBXFileReference; lastKnownFileType = sourcecode.c.h; path = AppDelegate.h; sourceTree = "<group>"; };
		C2EF35261CE9945C00F7CDB2 /* AppDelegate.m */ = {isa = PBXFileReference; lastKnownFileType = sourcecode.c.objc; path = AppDelegate.m; sourceTree = "<group>"; };
		C2EF35281CE9945C00F7CDB2 /* ViewController.h */ = {isa = PBXFileReference; lastKnownFileType = sourcecode.c.h; path = ViewController.h; sourceTree = "<group>"; };
		C2EF35291CE9945C00F7CDB2 /* ViewController.m */ = {isa = PBXFileReference; lastKnownFileType = sourcecode.c.objc; path = ViewController.m; sourceTree = "<group>"; };
		C2EF352C1CE9945C00F7CDB2 /* Base */ = {isa = PBXFileReference; lastKnownFileType = file.storyboard; name = Base; path = Base.lproj/Main.storyboard; sourceTree = "<group>"; };
		C2EF352E1CE9945C00F7CDB2 /* Assets.xcassets */ = {isa = PBXFileReference; lastKnownFileType = folder.assetcatalog; path = Assets.xcassets; sourceTree = "<group>"; };
		C2EF35311CE9945C00F7CDB2 /* Base */ = {isa = PBXFileReference; lastKnownFileType = file.storyboard; name = Base; path = Base.lproj/LaunchScreen.storyboard; sourceTree = "<group>"; };
		C2EF35331CE9945C00F7CDB2 /* Info.plist */ = {isa = PBXFileReference; lastKnownFileType = text.plist.xml; path = Info.plist; sourceTree = "<group>"; };
		C2EF35391CE995D100F7CDB2 /* Calculator.h */ = {isa = PBXFileReference; fileEncoding = 4; lastKnownFileType = sourcecode.c.h; path = Calculator.h; sourceTree = "<group>"; };
		C2EF353A1CE995D100F7CDB2 /* Calculator.m */ = {isa = PBXFileReference; fileEncoding = 4; lastKnownFileType = sourcecode.c.objc; path = Calculator.m; sourceTree = "<group>"; };
		C2EF353B1CE995D100F7CDB2 /* Fraction.h */ = {isa = PBXFileReference; fileEncoding = 4; lastKnownFileType = sourcecode.c.h; path = Fraction.h; sourceTree = "<group>"; };
		C2EF353C1CE995D100F7CDB2 /* Fraction.m */ = {isa = PBXFileReference; fileEncoding = 4; lastKnownFileType = sourcecode.c.objc; path = Fraction.m; sourceTree = "<group>"; };
/* End PBXFileReference section */

/* Begin PBXFrameworksBuildPhase section */
		C2EF351C1CE9945C00F7CDB2 /* Frameworks */ = {
			isa = PBXFrameworksBuildPhase;
			buildActionMask = 2147483647;
			files = (
			);
			runOnlyForDeploymentPostprocessing = 0;
		};
/* End PBXFrameworksBuildPhase section */

/* Begin PBXGroup section */
		C2EF35161CE9945C00F7CDB2 = {
			isa = PBXGroup;
			children = (
				C2EF35211CE9945C00F7CDB2 /* FractionCalculator */,
				C2EF35201CE9945C00F7CDB2 /* Products */,
			);
			sourceTree = "<group>";
		};
		C2EF35201CE9945C00F7CDB2 /* Products */ = {
			isa = PBXGroup;
			children = (
				C2EF351F1CE9945C00F7CDB2 /* FractionCalculator.app */,
			);
			name = Products;
			sourceTree = "<group>";
		};
		C2EF35211CE9945C00F7CDB2 /* FractionCalculator */ = {
			isa = PBXGroup;
			children = (
				C2EF35391CE995D100F7CDB2 /* Calculator.h */,
				C2EF353A1CE995D100F7CDB2 /* Calculator.m */,
				C2EF353B1CE995D100F7CDB2 /* Fraction.h */,
				C2EF353C1CE995D100F7CDB2 /* Fraction.m */,
				C2EF35251CE9945C00F7CDB2 /* AppDelegate.h */,
				C2EF35261CE9945C00F7CDB2 /* AppDelegate.m */,
				C2EF35281CE9945C00F7CDB2 /* ViewController.h */,
				C2EF35291CE9945C00F7CDB2 /* ViewController.m */,
				C2EF352B1CE9945C00F7CDB2 /* Main.storyboard */,
				C2EF352E1CE9945C00F7CDB2 /* Assets.xcassets */,
				C2EF35301CE9945C00F7CDB2 /* LaunchScreen.storyboard */,
				C2EF35331CE9945C00F7CDB2 /* Info.plist */,
				C2EF35221CE9945C00F7CDB2 /* Supporting Files */,
			);
			path = FractionCalculator;
			sourceTree = "<group>";
		};
		C2EF35221CE9945C00F7CDB2 /* Supporting Files */ = {
			isa = PBXGroup;
			children = (
				C2EF35231CE9945C00F7CDB2 /* main.m */,
			);
			name = "Supporting Files";
			sourceTree = "<group>";
		};
/* End PBXGroup section */

/* Begin PBXNativeTarget section */
		C2EF351E1CE9945C00F7CDB2 /* FractionCalculator */ = {
			isa = PBXNativeTarget;
			buildConfigurationList = C2EF35361CE9945C00F7CDB2 /* Build configuration list for PBXNativeTarget "FractionCalculator" */;
			buildPhases = (
				C2EF351B1CE9945C00F7CDB2 /* Sources */,
				C2EF351C1CE9945C00F7CDB2 /* Frameworks */,
				C2EF351D1CE9945C00F7CDB2 /* Resources */,
			);
			buildRules = (
			);
			dependencies = (
			);
			name = FractionCalculator;
			productName = FractionCalculator;
			productReference = C2EF351F1CE9945C00F7CDB2 /* FractionCalculator.app */;
			productType = "com.apple.product-type.application";
		};
/* End PBXNativeTarget section */

/* Begin PBXProject section */
		C2EF35171CE9945C00F7CDB2 /* Project object */ = {
			isa = PBXProject;
			attributes = {
				KnownAssetTags = (
					7,
				);
				LastUpgradeCheck = 0730;
				ORGANIZATIONNAME = "MF839-003";
				TargetAttributes = {
					C2EF351E1CE9945C00F7CDB2 = {
						CreatedOnToolsVersion = 7.3;
					};
				};
			};
			buildConfigurationList = C2EF351A1CE9945C00F7CDB2 /* Build configuration list for PBXProject "FractionCalculator" */;
			compatibilityVersion = "Xcode 3.2";
			developmentRegion = English;
			hasScannedForEncodings = 0;
			knownRegions = (
				en,
				Base,
			);
			mainGroup = C2EF35161CE9945C00F7CDB2;
			productRefGroup = C2EF35201CE9945C00F7CDB2 /* Products */;
			projectDirPath = "";
			projectRoot = "";
			targets = (
				C2EF351E1CE9945C00F7CDB2 /* FractionCalculator */,
			);
		};
/* End PBXProject section */

/* Begin PBXResourcesBuildPhase section */
		C2EF351D1CE9945C00F7CDB2 /* Resources */ = {
			isa = PBXResourcesBuildPhase;
			buildActionMask = 2147483647;
			files = (
				C2EF35321CE9945C00F7CDB2 /* LaunchScreen.storyboard in Resources */,
				C2EF352F1CE9945C00F7CDB2 /* Assets.xcassets in Resources */,
				C2EF352D1CE9945C00F7CDB2 /* Main.storyboard in Resources */,
			);
			runOnlyForDeploymentPostprocessing = 0;
		};
/* End PBXResourcesBuildPhase section */

/* Begin PBXSourcesBuildPhase section */
		C2EF351B1CE9945C00F7CDB2 /* Sources */ = {
			isa = PBXSourcesBuildPhase;
			buildActionMask = 2147483647;
			files = (
				C2EF352A1CE9945C00F7CDB2 /* ViewController.m in Sources */,
				C2EF353D1CE995D100F7CDB2 /* Calculator.m in Sources */,
				C2EF35271CE9945C00F7CDB2 /* AppDelegate.m in Sources */,
				C2EF35241CE9945C00F7CDB2 /* main.m in Sources */,
				C2EF353E1CE995D100F7CDB2 /* Fraction.m in Sources */,
			);
			runOnlyForDeploymentPostprocessing = 0;
		};
/* End PBXSourcesBuildPhase section */

/* Begin PBXVariantGroup section */
		C2EF352B1CE9945C00F7CDB2 /* Main.storyboard */ = {
			isa = PBXVariantGroup;
			children = (
				C2EF352C1CE9945C00F7CDB2 /* Base */,
			);
			name = Main.storyboard;
			sourceTree = "<group>";
		};
		C2EF35301CE9945C00F7CDB2 /* LaunchScreen.storyboard */ = {
			isa = PBXVariantGroup;
			children = (
				C2EF35311CE9945C00F7CDB2 /* Base */,
			);
			name = LaunchScreen.storyboard;
			sourceTree = "<group>";
		};
/* End PBXVariantGroup section */

/* Begin XCBuildConfiguration section */
		C2EF35341CE9945C00F7CDB2 /* Debug */ = {
			isa = XCBuildConfiguration;
			buildSettings = {
				ALWAYS_SEARCH_USER_PATHS = NO;
				CLANG_ANALYZER_NONNULL = YES;
				CLANG_CXX_LANGUAGE_STANDARD = "gnu++0x";
				CLANG_CXX_LIBRARY = "libc++";
				CLANG_ENABLE_MODULES = YES;
				CLANG_ENABLE_OBJC_ARC = YES;
				CLANG_WARN_BOOL_CONVERSION = YES;
				CLANG_WARN_CONSTANT_CONVERSION = YES;
				CLANG_WARN_DIRECT_OBJC_ISA_USAGE = YES_ERROR;
				CLANG_WARN_EMPTY_BODY = YES;
				CLANG_WARN_ENUM_CONVERSION = YES;
				CLANG_WARN_INT_CONVERSION = YES;
				CLANG_WARN_OBJC_ROOT_CLASS = YES_ERROR;
				CLANG_WARN_UNREACHABLE_CODE = YES;
				CLANG_WARN__DUPLICATE_METHOD_MATCH = YES;
				"CODE_SIGN_IDENTITY[sdk=iphoneos*]" = "iPhone Developer";
				COPY_PHASE_STRIP = NO;
				DEBUG_INFORMATION_FORMAT = dwarf;
				ENABLE_STRICT_OBJC_MSGSEND = YES;
				ENABLE_TESTABILITY = YES;
				GCC_C_LANGUAGE_STANDARD = gnu99;
				GCC_DYNAMIC_NO_PIC = NO;
				GCC_NO_COMMON_BLOCKS = YES;
				GCC_OPTIMIZATION_LEVEL = 0;
				GCC_PREPROCESSOR_DEFINITIONS = (
					"DEBUG=1",
					"$(inherited)",
				);
				GCC_WARN_64_TO_32_BIT_CONVERSION = YES;
				GCC_WARN_ABOUT_RETURN_TYPE = YES_ERROR;
				GCC_WARN_UNDECLARED_SELECTOR = YES;
				GCC_WARN_UNINITIALIZED_AUTOS = YES_AGGRESSIVE;
				GCC_WARN_UNUSED_FUNCTION = YES;
				GCC_WARN_UNUSED_VARIABLE = YES;
				IPHONEOS_DEPLOYMENT_TARGET = 9.3;
				MTL_ENABLE_DEBUG_INFO = YES;
				ONLY_ACTIVE_ARCH = YES;
				SDKROOT = iphoneos;
			};
			name = Debug;
		};
		C2EF35351CE9945C00F7CDB2 /* Release */ = {
			isa = XCBuildConfiguration;
			buildSettings = {
				ALWAYS_SEARCH_USER_PATHS = NO;
				CLANG_ANALYZER_NONNULL = YES;
				CLANG_CXX_LANGUAGE_STANDARD = "gnu++0x";
				CLANG_CXX_LIBRARY = "libc++";
				CLANG_ENABLE_MODULES = YES;
				CLANG_ENABLE_OBJC_ARC = YES;
				CLANG_WARN_BOOL_CONVERSION = YES;
				CLANG_WARN_CONSTANT_CONVERSION = YES;
				CLANG_WARN_DIRECT_OBJC_ISA_USAGE = YES_ERROR;
				CLANG_WARN_EMPTY_BODY = YES;
				CLANG_WARN_ENUM_CONVERSION = YES;
				CLANG_WARN_INT_CONVERSION = YES;
				CLANG_WARN_OBJC_ROOT_CLASS = YES_ERROR;
				CLANG_WARN_UNREACHABLE_CODE = YES;
				CLANG_WARN__DUPLICATE_METHOD_MATCH = YES;
				"CODE_SIGN_IDENTITY[sdk=iphoneos*]" = "iPhone Developer";
				COPY_PHASE_STRIP = NO;
				DEBUG_INFORMATION_FORMAT = "dwarf-with-dsym";
				ENABLE_NS_ASSERTIONS = NO;
				ENABLE_STRICT_OBJC_MSGSEND = YES;
				GCC_C_LANGUAGE_STANDARD = gnu99;
				GCC_NO_COMMON_BLOCKS = YES;
				GCC_WARN_64_TO_32_BIT_CONVERSION = YES;
				GCC_WARN_ABOUT_RETURN_TYPE = YES_ERROR;
				GCC_WARN_UNDECLARED_SELECTOR = YES;
				GCC_WARN_UNINITIALIZED_AUTOS = YES_AGGRESSIVE;
				GCC_WARN_UNUSED_FUNCTION = YES;
				GCC_WARN_UNUSED_VARIABLE = YES;
				IPHONEOS_DEPLOYMENT_TARGET = 9.3;
				MTL_ENABLE_DEBUG_INFO = NO;
				SDKROOT = iphoneos;
				VALIDATE_PRODUCT = YES;
			};
			name = Release;
		};
		C2EF35371CE9945C00F7CDB2 /* Debug */ = {
			isa = XCBuildConfiguration;
			buildSettings = {
				ASSETCATALOG_COMPILER_APPICON_NAME = AppIcon;
				INFOPLIST_FILE = FractionCalculator/Info.plist;
				LD_RUNPATH_SEARCH_PATHS = "$(inherited) @executable_path/Frameworks";
				PRODUCT_BUNDLE_IDENTIFIER = com.sample.FractionCalculator;
				PRODUCT_NAME = "$(TARGET_NAME)";
			};
			name = Debug;
		};
		C2EF35381CE9945C00F7CDB2 /* Release */ = {
			isa = XCBuildConfiguration;
			buildSettings = {
				ASSETCATALOG_COMPILER_APPICON_NAME = AppIcon;
				INFOPLIST_FILE = FractionCalculator/Info.plist;
				LD_RUNPATH_SEARCH_PATHS = "$(inherited) @executable_path/Frameworks";
				PRODUCT_BUNDLE_IDENTIFIER = com.sample.FractionCalculator;
				PRODUCT_NAME = "$(TARGET_NAME)";
			};
			name = Release;
		};
/* End XCBuildConfiguration section */

/* Begin XCConfigurationList section */
		C2EF351A1CE9945C00F7CDB2 /* Build configuration list for PBXProject "FractionCalculator" */ = {
			isa = XCConfigurationList;
			buildConfigurations = (
				C2EF35341CE9945C00F7CDB2 /* Debug */,
				C2EF35351CE9945C00F7CDB2 /* Release */,
			);
			defaultConfigurationIsVisible = 0;
			defaultConfigurationName = Release;
		};
		C2EF35361CE9945C00F7CDB2 /* Build configuration list for PBXNativeTarget "FractionCalculator" */ = {
			isa = XCConfigurationList;
			buildConfigurations = (
				C2EF35371CE9945C00F7CDB2 /* Debug */,
				C2EF35381CE9945C00F7CDB2 /* Release */,
			);
			defaultConfigurationIsVisible = 0;
		};
/* End XCConfigurationList section */
	};
	rootObject = C2EF35171CE9945C00F7CDB2 /* Project object */;
}
